
Microsoft Visual Studio Solution File, Format Version 12.00
# Visual Studio Version 16
VisualStudioVersion = 16.0.29403.142
MinimumVisualStudioVersion = 10.0.40219.1
Project("{FAE04EC0-301F-11D3-BF4B-00C04F79EFBC}") = "PP_04 (tablce wielowymiarowe)", "PP_04 (tablce wielowymiarowe)\PP_04 (tablce wielowymiarowe).csproj", "{BFDAC726-0E0E-4342-874A-4D70C2324CB1}"
EndProject
Global
	GlobalSection(SolutionConfigurationPlatforms) = preSolution
		Debug|Any CPU = Debug|Any CPU
		Release|Any CPU = Release|Any CPU
	EndGlobalSection
	GlobalSection(ProjectConfigurationPlatforms) = postSolution
		{BFDAC726-0E0E-4342-874A-4D70C2324CB1}.Debug|Any CPU.ActiveCfg = Debug|Any CPU
		{BFDAC726-0E0E-4342-874A-4D70C2324CB1}.Debug|Any CPU.Build.0 = Debug|Any CPU
		{BFDAC726-0E0E-4342-874A-4D70C2324CB1}.Release|Any CPU.ActiveCfg = Release|Any CPU
		{BFDAC726-0E0E-4342-874A-4D70C2324CB1}.Release|Any CPU.Build.0 = Release|Any CPU
	EndGlobalSection
	GlobalSection(SolutionProperties) = preSolution
		HideSolutionNode = FALSE
	EndGlobalSection
	GlobalSection(ExtensibilityGlobals) = postSolution
		SolutionGuid = {2673BAF8-4265-4222-AE73-1067F0CF0FC2}
	EndGlobalSection
EndGlobal
