
Microsoft Visual Studio Solution File, Format Version 12.00
# Visual Studio Version 16
VisualStudioVersion = 16.0.29403.142
MinimumVisualStudioVersion = 10.0.40219.1
Project("{FAE04EC0-301F-11D3-BF4B-00C04F79EFBC}") = "PP_08 WindowsForms_1", "PP_08 WindowsForms_1\PP_08 WindowsForms_1.csproj", "{4E2C1A67-F8DC-4505-B12B-7484C94CEC78}"
EndProject
Global
	GlobalSection(SolutionConfigurationPlatforms) = preSolution
		Debug|Any CPU = Debug|Any CPU
		Release|Any CPU = Release|Any CPU
	EndGlobalSection
	GlobalSection(ProjectConfigurationPlatforms) = postSolution
		{4E2C1A67-F8DC-4505-B12B-7484C94CEC78}.Debug|Any CPU.ActiveCfg = Debug|Any CPU
		{4E2C1A67-F8DC-4505-B12B-7484C94CEC78}.Debug|Any CPU.Build.0 = Debug|Any CPU
		{4E2C1A67-F8DC-4505-B12B-7484C94CEC78}.Release|Any CPU.ActiveCfg = Release|Any CPU
		{4E2C1A67-F8DC-4505-B12B-7484C94CEC78}.Release|Any CPU.Build.0 = Release|Any CPU
	EndGlobalSection
	GlobalSection(SolutionProperties) = preSolution
		HideSolutionNode = FALSE
	EndGlobalSection
	GlobalSection(ExtensibilityGlobals) = postSolution
		SolutionGuid = {1B62AB5F-43B0-4E03-8641-D9D926A66AA1}
	EndGlobalSection
EndGlobal
