
Microsoft Visual Studio Solution File, Format Version 12.00
# Visual Studio Version 16
VisualStudioVersion = 16.0.29403.142
MinimumVisualStudioVersion = 10.0.40219.1
Project("{FAE04EC0-301F-11D3-BF4B-00C04F79EFBC}") = "PP03_tab", "PP03_tab\PP03_tab.csproj", "{8250F461-ADC1-44D6-A2CE-10AA0619C028}"
EndProject
Global
	GlobalSection(SolutionConfigurationPlatforms) = preSolution
		Debug|Any CPU = Debug|Any CPU
		Release|Any CPU = Release|Any CPU
	EndGlobalSection
	GlobalSection(ProjectConfigurationPlatforms) = postSolution
		{8250F461-ADC1-44D6-A2CE-10AA0619C028}.Debug|Any CPU.ActiveCfg = Debug|Any CPU
		{8250F461-ADC1-44D6-A2CE-10AA0619C028}.Debug|Any CPU.Build.0 = Debug|Any CPU
		{8250F461-ADC1-44D6-A2CE-10AA0619C028}.Release|Any CPU.ActiveCfg = Release|Any CPU
		{8250F461-ADC1-44D6-A2CE-10AA0619C028}.Release|Any CPU.Build.0 = Release|Any CPU
	EndGlobalSection
	GlobalSection(SolutionProperties) = preSolution
		HideSolutionNode = FALSE
	EndGlobalSection
	GlobalSection(ExtensibilityGlobals) = postSolution
		SolutionGuid = {32F30C67-325D-45A9-923B-EC958A5635D0}
	EndGlobalSection
EndGlobal
