
Microsoft Visual Studio Solution File, Format Version 12.00
# Visual Studio Version 16
VisualStudioVersion = 16.0.29403.142
MinimumVisualStudioVersion = 10.0.40219.1
Project("{FAE04EC0-301F-11D3-BF4B-00C04F79EFBC}") = "PP_05 wyjatki", "PP_05 wyjatki\PP_05 wyjatki.csproj", "{61A08CF7-80A7-4A62-964A-17CB64D87491}"
EndProject
Global
	GlobalSection(SolutionConfigurationPlatforms) = preSolution
		Debug|Any CPU = Debug|Any CPU
		Release|Any CPU = Release|Any CPU
	EndGlobalSection
	GlobalSection(ProjectConfigurationPlatforms) = postSolution
		{61A08CF7-80A7-4A62-964A-17CB64D87491}.Debug|Any CPU.ActiveCfg = Debug|Any CPU
		{61A08CF7-80A7-4A62-964A-17CB64D87491}.Debug|Any CPU.Build.0 = Debug|Any CPU
		{61A08CF7-80A7-4A62-964A-17CB64D87491}.Release|Any CPU.ActiveCfg = Release|Any CPU
		{61A08CF7-80A7-4A62-964A-17CB64D87491}.Release|Any CPU.Build.0 = Release|Any CPU
	EndGlobalSection
	GlobalSection(SolutionProperties) = preSolution
		HideSolutionNode = FALSE
	EndGlobalSection
	GlobalSection(ExtensibilityGlobals) = postSolution
		SolutionGuid = {A71BE7A3-45CB-41BA-8727-5436CD3608DE}
	EndGlobalSection
EndGlobal
