
Microsoft Visual Studio Solution File, Format Version 12.00
# Visual Studio Version 16
VisualStudioVersion = 16.0.29403.142
MinimumVisualStudioVersion = 10.0.40219.1
Project("{FAE04EC0-301F-11D3-BF4B-00C04F79EFBC}") = "PP_05 wyjatki_3", "PP_05 wyjatki_3\PP_05 wyjatki_3.csproj", "{D90B0FA6-D519-4399-9B33-F881D320D4BC}"
EndProject
Global
	GlobalSection(SolutionConfigurationPlatforms) = preSolution
		Debug|Any CPU = Debug|Any CPU
		Release|Any CPU = Release|Any CPU
	EndGlobalSection
	GlobalSection(ProjectConfigurationPlatforms) = postSolution
		{D90B0FA6-D519-4399-9B33-F881D320D4BC}.Debug|Any CPU.ActiveCfg = Debug|Any CPU
		{D90B0FA6-D519-4399-9B33-F881D320D4BC}.Debug|Any CPU.Build.0 = Debug|Any CPU
		{D90B0FA6-D519-4399-9B33-F881D320D4BC}.Release|Any CPU.ActiveCfg = Release|Any CPU
		{D90B0FA6-D519-4399-9B33-F881D320D4BC}.Release|Any CPU.Build.0 = Release|Any CPU
	EndGlobalSection
	GlobalSection(SolutionProperties) = preSolution
		HideSolutionNode = FALSE
	EndGlobalSection
	GlobalSection(ExtensibilityGlobals) = postSolution
		SolutionGuid = {3D81CD00-3C73-49A9-BD21-820D4EB88995}
	EndGlobalSection
EndGlobal
